
Microsoft Visual Studio Solution File, Format Version 12.00
# Visual Studio Version 17
VisualStudioVersion = 17.11.35222.181
MinimumVisualStudioVersion = 10.0.40219.1
Project("{FAE04EC0-301F-11D3-BF4B-00C04F79EFBC}") = "Vista", "Vista\Vista.csproj", "{4EDC2D8E-7C44-4BA8-BEAB-7979B3B1145D}"
EndProject
Project("{FAE04EC0-301F-11D3-BF4B-00C04F79EFBC}") = "Logica", "Logica\Logica.csproj", "{5EAC946B-31E5-4460-9A8F-166CF591C8A9}"
EndProject
Project("{FAE04EC0-301F-11D3-BF4B-00C04F79EFBC}") = "Datos", "Datos\Datos.csproj", "{DB36E4A9-9189-4AD7-AE59-13CE227A3630}"
EndProject
Project("{FAE04EC0-301F-11D3-BF4B-00C04F79EFBC}") = "Modelo", "Modelo\Modelo.csproj", "{2C4FCB29-D77A-44ED-B4DA-F03E25090A43}"
EndProject
Project("{FAE04EC0-301F-11D3-BF4B-00C04F79EFBC}") = "Servicios", "Servicios\Servicios.csproj", "{9B6ED504-244F-4B05-96CD-DDFDB94D96AF}"
EndProject
Global
	GlobalSection(SolutionConfigurationPlatforms) = preSolution
		Debug|Any CPU = Debug|Any CPU
		Release|Any CPU = Release|Any CPU
	EndGlobalSection
	GlobalSection(ProjectConfigurationPlatforms) = postSolution
		{4EDC2D8E-7C44-4BA8-BEAB-7979B3B1145D}.Debug|Any CPU.ActiveCfg = Debug|Any CPU
		{4EDC2D8E-7C44-4BA8-BEAB-7979B3B1145D}.Debug|Any CPU.Build.0 = Debug|Any CPU
		{4EDC2D8E-7C44-4BA8-BEAB-7979B3B1145D}.Release|Any CPU.ActiveCfg = Release|Any CPU
		{4EDC2D8E-7C44-4BA8-BEAB-7979B3B1145D}.Release|Any CPU.Build.0 = Release|Any CPU
		{5EAC946B-31E5-4460-9A8F-166CF591C8A9}.Debug|Any CPU.ActiveCfg = Debug|Any CPU
		{5EAC946B-31E5-4460-9A8F-166CF591C8A9}.Debug|Any CPU.Build.0 = Debug|Any CPU
		{5EAC946B-31E5-4460-9A8F-166CF591C8A9}.Release|Any CPU.ActiveCfg = Release|Any CPU
		{5EAC946B-31E5-4460-9A8F-166CF591C8A9}.Release|Any CPU.Build.0 = Release|Any CPU
		{DB36E4A9-9189-4AD7-AE59-13CE227A3630}.Debug|Any CPU.ActiveCfg = Debug|Any CPU
		{DB36E4A9-9189-4AD7-AE59-13CE227A3630}.Debug|Any CPU.Build.0 = Debug|Any CPU
		{DB36E4A9-9189-4AD7-AE59-13CE227A3630}.Release|Any CPU.ActiveCfg = Release|Any CPU
		{DB36E4A9-9189-4AD7-AE59-13CE227A3630}.Release|Any CPU.Build.0 = Release|Any CPU
		{2C4FCB29-D77A-44ED-B4DA-F03E25090A43}.Debug|Any CPU.ActiveCfg = Debug|Any CPU
		{2C4FCB29-D77A-44ED-B4DA-F03E25090A43}.Debug|Any CPU.Build.0 = Debug|Any CPU
		{2C4FCB29-D77A-44ED-B4DA-F03E25090A43}.Release|Any CPU.ActiveCfg = Release|Any CPU
		{2C4FCB29-D77A-44ED-B4DA-F03E25090A43}.Release|Any CPU.Build.0 = Release|Any CPU
		{9B6ED504-244F-4B05-96CD-DDFDB94D96AF}.Debug|Any CPU.ActiveCfg = Debug|Any CPU
		{9B6ED504-244F-4B05-96CD-DDFDB94D96AF}.Debug|Any CPU.Build.0 = Debug|Any CPU
		{9B6ED504-244F-4B05-96CD-DDFDB94D96AF}.Release|Any CPU.ActiveCfg = Release|Any CPU
		{9B6ED504-244F-4B05-96CD-DDFDB94D96AF}.Release|Any CPU.Build.0 = Release|Any CPU
	EndGlobalSection
	GlobalSection(SolutionProperties) = preSolution
		HideSolutionNode = FALSE
	EndGlobalSection
	GlobalSection(ExtensibilityGlobals) = postSolution
		SolutionGuid = {F8FB94D4-9DCE-47AD-B606-E7A1DC8A335E}
	EndGlobalSection
EndGlobal
